
Microsoft Visual Studio Solution File, Format Version 12.00
# Visual Studio Version 16
VisualStudioVersion = 16.0.29509.3
MinimumVisualStudioVersion = 10.0.40219.1
Project("{FAE04EC0-301F-11D3-BF4B-00C04F79EFBC}") = "SbdProjekto", "SbdProjekto\SbdProjekto.csproj", "{1EF228E3-0A21-4963-A6CF-A7CAFE6308D0}"
EndProject
Global
	GlobalSection(SolutionConfigurationPlatforms) = preSolution
		Debug|Any CPU = Debug|Any CPU
		Release|Any CPU = Release|Any CPU
	EndGlobalSection
	GlobalSection(ProjectConfigurationPlatforms) = postSolution
		{1EF228E3-0A21-4963-A6CF-A7CAFE6308D0}.Debug|Any CPU.ActiveCfg = Debug|Any CPU
		{1EF228E3-0A21-4963-A6CF-A7CAFE6308D0}.Debug|Any CPU.Build.0 = Debug|Any CPU
		{1EF228E3-0A21-4963-A6CF-A7CAFE6308D0}.Release|Any CPU.ActiveCfg = Release|Any CPU
		{1EF228E3-0A21-4963-A6CF-A7CAFE6308D0}.Release|Any CPU.Build.0 = Release|Any CPU
	EndGlobalSection
	GlobalSection(SolutionProperties) = preSolution
		HideSolutionNode = FALSE
	EndGlobalSection
	GlobalSection(ExtensibilityGlobals) = postSolution
		SolutionGuid = {6BC9978D-BC3F-4EB1-B194-B9E3344949CC}
	EndGlobalSection
EndGlobal
